PODS:
  - CocoaLumberjack (2.0.1):
    - CocoaLumberjack/Default (= 2.0.1)
    - CocoaLumberjack/Extensions (= 2.0.1)
  - CocoaLumberjack/Core (2.0.1)
  - CocoaLumberjack/Default (2.0.1):
    - CocoaLumberjack/Core
  - CocoaLumberjack/Extensions (2.0.1):
    - CocoaLumberjack/Default
  - Sparkle (1.10.0)

DEPENDENCIES:
  - CocoaLumberjack
  - Sparkle (~> 1.9)

SPEC CHECKSUMS:
  CocoaLumberjack: 019d1361244274a6138c788c6cb80baabc13fb8f
  Sparkle: c859bf5283b9f12aa45bceccf8e25ebb4c008eb2

COCOAPODS: 0.37.2
