// !$*UTF8*$!
{
	archiveVersion = 1;
	classes = {
	};
	objectVersion = 46;
	objects = {

/* Begin PBXBuildFile section */
		FA14FC2417A6FB4D0076C09A /* Cocoa.framework in Frameworks */ = {isa = PBXBuildFile; fileRef = FA14FC2317A6FB4D0076C09A /* Cocoa.framework */; };
		FA14FC2617A6FB4D0076C09A /* AppleScriptObjC.framework in Frameworks */ = {isa = PBXBuildFile; fileRef = FA14FC2517A6FB4D0076C09A /* AppleScriptObjC.framework */; };
		FA14FC3017A6FB4D0076C09A /* InfoPlist.strings in Resources */ = {isa = PBXBuildFile; fileRef = FA14FC2E17A6FB4D0076C09A /* InfoPlist.strings */; };
		FA14FC3217A6FB4D0076C09A /* main.m in Sources */ = {isa = PBXBuildFile; fileRef = FA14FC3117A6FB4D0076C09A /* main.m */; };
		FA14FC3617A6FB4D0076C09A /* Credits.rtf in Resources */ = {isa = PBXBuildFile; fileRef = FA14FC3417A6FB4D0076C09A /* Credits.rtf */; };
		FA14FC3817A6FB4D0076C09A /* SCAppDelegate.applescript in Sources */ = {isa = PBXBuildFile; fileRef = FA14FC3717A6FB4D0076C09A /* SCAppDelegate.applescript */; };
		FA14FC3B17A6FB4D0076C09A /* MainMenu.xib in Resources */ = {isa = PBXBuildFile; fileRef = FA14FC3917A6FB4D0076C09A /* MainMenu.xib */; };
/* End PBXBuildFile section */

/* Begin PBXFileReference section */
		FA14FC2017A6FB4D0076C09A /* Spotijack.app */ = {isa = PBXFileReference; explicitFileType = wrapper.application; includeInIndex = 0; path = Spotijack.app; sourceTree = BUILT_PRODUCTS_DIR; };
		FA14FC2317A6FB4D0076C09A /* Cocoa.framework */ = {isa = PBXFileReference; lastKnownFileType = wrapper.framework; name = Cocoa.framework; path = System/Library/Frameworks/Cocoa.framework; sourceTree = SDKROOT; };
		FA14FC2517A6FB4D0076C09A /* AppleScriptObjC.framework */ = {isa = PBXFileReference; lastKnownFileType = wrapper.framework; name = AppleScriptObjC.framework; path = System/Library/Frameworks/AppleScriptObjC.framework; sourceTree = SDKROOT; };
		FA14FC2817A6FB4D0076C09A /* AppKit.framework */ = {isa = PBXFileReference; lastKnownFileType = wrapper.framework; name = AppKit.framework; path = System/Library/Frameworks/AppKit.framework; sourceTree = SDKROOT; };
		FA14FC2917A6FB4D0076C09A /* CoreData.framework */ = {isa = PBXFileReference; lastKnownFileType = wrapper.framework; name = CoreData.framework; path = System/Library/Frameworks/CoreData.framework; sourceTree = SDKROOT; };
		FA14FC2A17A6FB4D0076C09A /* Foundation.framework */ = {isa = PBXFileReference; lastKnownFileType = wrapper.framework; name = Foundation.framework; path = System/Library/Frameworks/Foundation.framework; sourceTree = SDKROOT; };
		FA14FC2D17A6FB4D0076C09A /* Spotijack-Info.plist */ = {isa = PBXFileReference; lastKnownFileType = text.plist.xml; path = "Spotijack-Info.plist"; sourceTree = "<group>"; };
		FA14FC2F17A6FB4D0076C09A /* en */ = {isa = PBXFileReference; lastKnownFileType = text.plist.strings; name = en; path = en.lproj/InfoPlist.strings; sourceTree = "<group>"; };
		FA14FC3117A6FB4D0076C09A /* main.m */ = {isa = PBXFileReference; lastKnownFileType = sourcecode.c.objc; path = main.m; sourceTree = "<group>"; };
		FA14FC3317A6FB4D0076C09A /* Spotijack-Prefix.pch */ = {isa = PBXFileReference; lastKnownFileType = sourcecode.c.h; path = "Spotijack-Prefix.pch"; sourceTree = "<group>"; };
		FA14FC3517A6FB4D0076C09A /* en */ = {isa = PBXFileReference; lastKnownFileType = text.rtf; name = en; path = en.lproj/Credits.rtf; sourceTree = "<group>"; };
		FA14FC3717A6FB4D0076C09A /* SCAppDelegate.applescript */ = {isa = PBXFileReference; lastKnownFileType = sourcecode.applescript; path = SCAppDelegate.applescript; sourceTree = "<group>"; };
		FA14FC3A17A6FB4D0076C09A /* en */ = {isa = PBXFileReference; lastKnownFileType = file.xib; name = en; path = en.lproj/MainMenu.xib; sourceTree = "<group>"; };
/* End PBXFileReference section */

/* Begin PBXFrameworksBuildPhase section */
		FA14FC1D17A6FB4D0076C09A /* Frameworks */ = {
			isa = PBXFrameworksBuildPhase;
			buildActionMask = 2147483647;
			files = (
				FA14FC2417A6FB4D0076C09A /* Cocoa.framework in Frameworks */,
				FA14FC2617A6FB4D0076C09A /* AppleScriptObjC.framework in Frameworks */,
			);
			runOnlyForDeploymentPostprocessing = 0;
		};
/* End PBXFrameworksBuildPhase section */

/* Begin PBXGroup section */
		FA14FC1717A6FB4D0076C09A = {
			isa = PBXGroup;
			children = (
				FA14FC2B17A6FB4D0076C09A /* Spotijack */,
				FA14FC2217A6FB4D0076C09A /* Frameworks */,
				FA14FC2117A6FB4D0076C09A /* Products */,
			);
			sourceTree = "<group>";
		};
		FA14FC2117A6FB4D0076C09A /* Products */ = {
			isa = PBXGroup;
			children = (
				FA14FC2017A6FB4D0076C09A /* Spotijack.app */,
			);
			name = Products;
			sourceTree = "<group>";
		};
		FA14FC2217A6FB4D0076C09A /* Frameworks */ = {
			isa = PBXGroup;
			children = (
				FA14FC2317A6FB4D0076C09A /* Cocoa.framework */,
				FA14FC2517A6FB4D0076C09A /* AppleScriptObjC.framework */,
				FA14FC2717A6FB4D0076C09A /* Other Frameworks */,
			);
			name = Frameworks;
			sourceTree = "<group>";
		};
		FA14FC2717A6FB4D0076C09A /* Other Frameworks */ = {
			isa = PBXGroup;
			children = (
				FA14FC2817A6FB4D0076C09A /* AppKit.framework */,
				FA14FC2917A6FB4D0076C09A /* CoreData.framework */,
				FA14FC2A17A6FB4D0076C09A /* Foundation.framework */,
			);
			name = "Other Frameworks";
			sourceTree = "<group>";
		};
		FA14FC2B17A6FB4D0076C09A /* Spotijack */ = {
			isa = PBXGroup;
			children = (
				FA14FC3717A6FB4D0076C09A /* SCAppDelegate.applescript */,
				FA14FC3917A6FB4D0076C09A /* MainMenu.xib */,
				FA14FC2C17A6FB4D0076C09A /* Supporting Files */,
			);
			path = Spotijack;
			sourceTree = "<group>";
		};
		FA14FC2C17A6FB4D0076C09A /* Supporting Files */ = {
			isa = PBXGroup;
			children = (
				FA14FC2D17A6FB4D0076C09A /* Spotijack-Info.plist */,
				FA14FC2E17A6FB4D0076C09A /* InfoPlist.strings */,
				FA14FC3117A6FB4D0076C09A /* main.m */,
				FA14FC3317A6FB4D0076C09A /* Spotijack-Prefix.pch */,
				FA14FC3417A6FB4D0076C09A /* Credits.rtf */,
			);
			name = "Supporting Files";
			sourceTree = "<group>";
		};
/* End PBXGroup section */

/* Begin PBXNativeTarget section */
		FA14FC1F17A6FB4D0076C09A /* Spotijack */ = {
			isa = PBXNativeTarget;
			buildConfigurationList = FA14FC3E17A6FB4D0076C09A /* Build configuration list for PBXNativeTarget "Spotijack" */;
			buildPhases = (
				FA14FC1C17A6FB4D0076C09A /* Sources */,
				FA14FC1D17A6FB4D0076C09A /* Frameworks */,
				FA14FC1E17A6FB4D0076C09A /* Resources */,
			);
			buildRules = (
			);
			dependencies = (
			);
			name = Spotijack;
			productName = Spotijack;
			productReference = FA14FC2017A6FB4D0076C09A /* Spotijack.app */;
			productType = "com.apple.product-type.application";
		};
/* End PBXNativeTarget section */

/* Begin PBXProject section */
		FA14FC1817A6FB4D0076C09A /* Project object */ = {
			isa = PBXProject;
			attributes = {
				CLASSPREFIX = SC;
				LastUpgradeCheck = 0500;
				ORGANIZATIONNAME = "Alex Jackson";
			};
			buildConfigurationList = FA14FC1B17A6FB4D0076C09A /* Build configuration list for PBXProject "Spotijack" */;
			compatibilityVersion = "Xcode 3.2";
			developmentRegion = English;
			hasScannedForEncodings = 0;
			knownRegions = (
				en,
			);
			mainGroup = FA14FC1717A6FB4D0076C09A;
			productRefGroup = FA14FC2117A6FB4D0076C09A /* Products */;
			projectDirPath = "";
			projectRoot = "";
			targets = (
				FA14FC1F17A6FB4D0076C09A /* Spotijack */,
			);
		};
/* End PBXProject section */

/* Begin PBXResourcesBuildPhase section */
		FA14FC1E17A6FB4D0076C09A /* Resources */ = {
			isa = PBXResourcesBuildPhase;
			buildActionMask = 2147483647;
			files = (
				FA14FC3017A6FB4D0076C09A /* InfoPlist.strings in Resources */,
				FA14FC3617A6FB4D0076C09A /* Credits.rtf in Resources */,
				FA14FC3B17A6FB4D0076C09A /* MainMenu.xib in Resources */,
			);
			runOnlyForDeploymentPostprocessing = 0;
		};
/* End PBXResourcesBuildPhase section */

/* Begin PBXSourcesBuildPhase section */
		FA14FC1C17A6FB4D0076C09A /* Sources */ = {
			isa = PBXSourcesBuildPhase;
			buildActionMask = 2147483647;
			files = (
				FA14FC3217A6FB4D0076C09A /* main.m in Sources */,
				FA14FC3817A6FB4D0076C09A /* SCAppDelegate.applescript in Sources */,
			);
			runOnlyForDeploymentPostprocessing = 0;
		};
/* End PBXSourcesBuildPhase section */

/* Begin PBXVariantGroup section */
		FA14FC2E17A6FB4D0076C09A /* InfoPlist.strings */ = {
			isa = PBXVariantGroup;
			children = (
				FA14FC2F17A6FB4D0076C09A /* en */,
			);
			name = InfoPlist.strings;
			sourceTree = "<group>";
		};
		FA14FC3417A6FB4D0076C09A /* Credits.rtf */ = {
			isa = PBXVariantGroup;
			children = (
				FA14FC3517A6FB4D0076C09A /* en */,
			);
			name = Credits.rtf;
			sourceTree = "<group>";
		};
		FA14FC3917A6FB4D0076C09A /* MainMenu.xib */ = {
			isa = PBXVariantGroup;
			children = (
				FA14FC3A17A6FB4D0076C09A /* en */,
			);
			name = MainMenu.xib;
			sourceTree = "<group>";
		};
/* End PBXVariantGroup section */

/* Begin XCBuildConfiguration section */
		FA14FC3C17A6FB4D0076C09A /* Debug */ = {
			isa = XCBuildConfiguration;
			buildSettings = {
				ALWAYS_SEARCH_USER_PATHS = NO;
				CLANG_CXX_LANGUAGE_STANDARD = "gnu++0x";
				CLANG_CXX_LIBRARY = "libc++";
				CLANG_WARN_CONSTANT_CONVERSION = YES;
				CLANG_WARN_EMPTY_BODY = YES;
				CLANG_WARN_ENUM_CONVERSION = YES;
				CLANG_WARN_INT_CONVERSION = YES;
				CLANG_WARN__DUPLICATE_METHOD_MATCH = YES;
				COPY_PHASE_STRIP = NO;
				GCC_C_LANGUAGE_STANDARD = gnu99;
				GCC_DYNAMIC_NO_PIC = NO;
				GCC_ENABLE_OBJC_EXCEPTIONS = YES;
				GCC_OPTIMIZATION_LEVEL = 0;
				GCC_PREPROCESSOR_DEFINITIONS = (
					"DEBUG=1",
					"$(inherited)",
				);
				GCC_SYMBOLS_PRIVATE_EXTERN = NO;
				GCC_WARN_64_TO_32_BIT_CONVERSION = YES;
				GCC_WARN_ABOUT_RETURN_TYPE = YES;
				GCC_WARN_UNINITIALIZED_AUTOS = YES;
				GCC_WARN_UNUSED_VARIABLE = YES;
				MACOSX_DEPLOYMENT_TARGET = 10.8;
				ONLY_ACTIVE_ARCH = YES;
				SDKROOT = macosx;
			};
			name = Debug;
		};
		FA14FC3D17A6FB4D0076C09A /* Release */ = {
			isa = XCBuildConfiguration;
			buildSettings = {
				ALWAYS_SEARCH_USER_PATHS = NO;
				CLANG_CXX_LANGUAGE_STANDARD = "gnu++0x";
				CLANG_CXX_LIBRARY = "libc++";
				CLANG_WARN_CONSTANT_CONVERSION = YES;
				CLANG_WARN_EMPTY_BODY = YES;
				CLANG_WARN_ENUM_CONVERSION = YES;
				CLANG_WARN_INT_CONVERSION = YES;
				CLANG_WARN__DUPLICATE_METHOD_MATCH = YES;
				COPY_PHASE_STRIP = YES;
				DEBUG_INFORMATION_FORMAT = "dwarf-with-dsym";
				GCC_C_LANGUAGE_STANDARD = gnu99;
				GCC_ENABLE_OBJC_EXCEPTIONS = YES;
				GCC_WARN_64_TO_32_BIT_CONVERSION = YES;
				GCC_WARN_ABOUT_RETURN_TYPE = YES;
				GCC_WARN_UNINITIALIZED_AUTOS = YES;
				GCC_WARN_UNUSED_VARIABLE = YES;
				MACOSX_DEPLOYMENT_TARGET = 10.8;
				SDKROOT = macosx;
			};
			name = Release;
		};
		FA14FC3F17A6FB4D0076C09A /* Debug */ = {
			isa = XCBuildConfiguration;
			buildSettings = {
				COMBINE_HIDPI_IMAGES = YES;
				GCC_PRECOMPILE_PREFIX_HEADER = YES;
				GCC_PREFIX_HEADER = "Spotijack/Spotijack-Prefix.pch";
				INFOPLIST_FILE = "Spotijack/Spotijack-Info.plist";
				PRODUCT_NAME = "$(TARGET_NAME)";
				WRAPPER_EXTENSION = app;
			};
			name = Debug;
		};
		FA14FC4017A6FB4D0076C09A /* Release */ = {
			isa = XCBuildConfiguration;
			buildSettings = {
				COMBINE_HIDPI_IMAGES = YES;
				GCC_PRECOMPILE_PREFIX_HEADER = YES;
				GCC_PREFIX_HEADER = "Spotijack/Spotijack-Prefix.pch";
				INFOPLIST_FILE = "Spotijack/Spotijack-Info.plist";
				PRODUCT_NAME = "$(TARGET_NAME)";
				WRAPPER_EXTENSION = app;
			};
			name = Release;
		};
/* End XCBuildConfiguration section */

/* Begin XCConfigurationList section */
		FA14FC1B17A6FB4D0076C09A /* Build configuration list for PBXProject "Spotijack" */ = {
			isa = XCConfigurationList;
			buildConfigurations = (
				FA14FC3C17A6FB4D0076C09A /* Debug */,
				FA14FC3D17A6FB4D0076C09A /* Release */,
			);
			defaultConfigurationIsVisible = 0;
			defaultConfigurationName = Release;
		};
		FA14FC3E17A6FB4D0076C09A /* Build configuration list for PBXNativeTarget "Spotijack" */ = {
			isa = XCConfigurationList;
			buildConfigurations = (
				FA14FC3F17A6FB4D0076C09A /* Debug */,
				FA14FC4017A6FB4D0076C09A /* Release */,
			);
			defaultConfigurationIsVisible = 0;
			defaultConfigurationName = Release;
		};
/* End XCConfigurationList section */
	};
	rootObject = FA14FC1817A6FB4D0076C09A /* Project object */;
}
